
Microsoft Visual Studio Solution File, Format Version 12.00
# Visual Studio Version 17
VisualStudioVersion = 17.7.34018.315
MinimumVisualStudioVersion = 10.0.40219.1
Project("{9A19103F-16F7-4668-BE54-9A1E7A4F7556}") = "AireTour", "Aire Tour\AireTour.csproj", "{6AC611AD-7C03-46A8-8492-87EA114F8674}"
EndProject
Global
	GlobalSection(SolutionConfigurationPlatforms) = preSolution
		Debug|Any CPU = Debug|Any CPU
		Release|Any CPU = Release|Any CPU
	EndGlobalSection
	GlobalSection(ProjectConfigurationPlatforms) = postSolution
		{6AC611AD-7C03-46A8-8492-87EA114F8674}.Debug|Any CPU.ActiveCfg = Debug|Any CPU
		{6AC611AD-7C03-46A8-8492-87EA114F8674}.Debug|Any CPU.Build.0 = Debug|Any CPU
		{6AC611AD-7C03-46A8-8492-87EA114F8674}.Release|Any CPU.ActiveCfg = Release|Any CPU
		{6AC611AD-7C03-46A8-8492-87EA114F8674}.Release|Any CPU.Build.0 = Release|Any CPU
	EndGlobalSection
	GlobalSection(SolutionProperties) = preSolution
		HideSolutionNode = FALSE
	EndGlobalSection
	GlobalSection(ExtensibilityGlobals) = postSolution
		SolutionGuid = {F91CE306-6305-48B9-9DB3-2E8A05E70ED2}
	EndGlobalSection
EndGlobal
